
Microsoft Visual Studio Solution File, Format Version 12.00
# Visual Studio Version 17
VisualStudioVersion = 17.6.33723.286
MinimumVisualStudioVersion = 10.0.40219.1
Project("{FAE04EC0-301F-11D3-BF4B-00C04F79EFBC}") = "Inventarios", "Inventarios\Inventarios.csproj", "{02B369F3-ACE0-45D2-963C-7F719CE55DC8}"
EndProject
Global
	GlobalSection(SolutionConfigurationPlatforms) = preSolution
		Debug|Any CPU = Debug|Any CPU
		Release|Any CPU = Release|Any CPU
	EndGlobalSection
	GlobalSection(ProjectConfigurationPlatforms) = postSolution
		{02B369F3-ACE0-45D2-963C-7F719CE55DC8}.Debug|Any CPU.ActiveCfg = Debug|Any CPU
		{02B369F3-ACE0-45D2-963C-7F719CE55DC8}.Debug|Any CPU.Build.0 = Debug|Any CPU
		{02B369F3-ACE0-45D2-963C-7F719CE55DC8}.Release|Any CPU.ActiveCfg = Release|Any CPU
		{02B369F3-ACE0-45D2-963C-7F719CE55DC8}.Release|Any CPU.Build.0 = Release|Any CPU
	EndGlobalSection
	GlobalSection(SolutionProperties) = preSolution
		HideSolutionNode = FALSE
	EndGlobalSection
	GlobalSection(ExtensibilityGlobals) = postSolution
		SolutionGuid = {207F6D35-F7D2-4921-A081-7EACC5188A34}
	EndGlobalSection
EndGlobal
